<?xml version="1.0" encoding="utf-8"?>
<Project ToolsVersion="4.0" xmlns="http://schemas.microsoft.com/developer/msbuild/2003">
  <ItemGroup>
    <Filter Include="소스 파일">
      <UniqueIdentifier>{4FC737F1-C7A5-4376-A066-2A32D752A2FF}</UniqueIdentifier>
      <Extensions>cpp;c;cc;cxx;def;odl;idl;hpj;bat;asm;asmx</Extensions>
    </Filter>
    <Filter Include="헤더 파일">
      <UniqueIdentifier>{93995380-89BD-4b04-88EB-625FBE52EBFB}</UniqueIdentifier>
      <Extensions>h;hh;hpp;hxx;hm;inl;inc;xsd</Extensions>
    </Filter>
    <Filter Include="리소스 파일">
      <UniqueIdentifier>{67DA6AB6-F800-4c08-8B7A-83BB121AAD01}</UniqueIdentifier>
      <Extensions>rc;ico;cur;bmp;dlg;rc2;rct;bin;rgs;gif;jpg;jpeg;jpe;resx;tiff;tif;png;wav;mfcribbon-ms</Extensions>
    </Filter>
    <Filter Include="00. MainGame">
      <UniqueIdentifier>{7c041043-6c3d-48e9-9ec5-ee6e785b8d3f}</UniqueIdentifier>
    </Filter>
    <Filter Include="01. Manager">
      <UniqueIdentifier>{a205ee52-127f-4540-8f1e-2526006fb69b}</UniqueIdentifier>
    </Filter>
    <Filter Include="01. Manager\00. Device">
      <UniqueIdentifier>{24c2d148-4917-4762-a297-25bf466d3d43}</UniqueIdentifier>
    </Filter>
    <Filter Include="01. Manager\01. TextureMgr">
      <UniqueIdentifier>{2ea68ad3-a99e-42fd-8304-354b82be01f7}</UniqueIdentifier>
    </Filter>
    <Filter Include="01. Manager\01. TextureMgr\Texture">
      <UniqueIdentifier>{a3e9fb07-ec2e-4e6a-91a7-ea419ba3fa33}</UniqueIdentifier>
    </Filter>
    <Filter Include="01. Manager\01. TextureMgr\Texture\Single">
      <UniqueIdentifier>{06bd92c5-8fda-402f-bf55-f4d7d0f3c9ff}</UniqueIdentifier>
    </Filter>
    <Filter Include="01. Manager\01. TextureMgr\Texture\Multi">
      <UniqueIdentifier>{714e7898-903d-4882-b30a-a8fc7c92f5bb}</UniqueIdentifier>
    </Filter>
    <Filter Include="02. Obj">
      <UniqueIdentifier>{d109008a-7f76-4fca-9ad6-4b465912bd1f}</UniqueIdentifier>
    </Filter>
    <Filter Include="03. Scene">
      <UniqueIdentifier>{28240c0f-9b59-4bf3-ab90-8ca2ce9c9606}</UniqueIdentifier>
    </Filter>
    <Filter Include="03. Scene\00. Stage">
      <UniqueIdentifier>{4d71bb3f-65c1-48a1-8f2c-98556d1f6162}</UniqueIdentifier>
    </Filter>
    <Filter Include="01. Manager\02. SceneMgr">
      <UniqueIdentifier>{e6811853-9ee3-4949-9e1e-bb088c256af9}</UniqueIdentifier>
    </Filter>
    <Filter Include="01. Manager\03. ObjMgr">
      <UniqueIdentifier>{d64e24ff-1277-4efc-a69e-fa544667989c}</UniqueIdentifier>
    </Filter>
    <Filter Include="01. Manager\04. TimeMgr">
      <UniqueIdentifier>{5bb88bf6-2f35-4309-b6f8-b7346b1ad66c}</UniqueIdentifier>
    </Filter>
    <Filter Include="02. Obj\01. Player">
      <UniqueIdentifier>{f971e57b-f330-4ecf-a462-1e5cef8991d8}</UniqueIdentifier>
    </Filter>
    <Filter Include="01. Manager\05. KeyMgr">
      <UniqueIdentifier>{c50fd205-d1d8-44c4-98b3-39d7ebc6a10a}</UniqueIdentifier>
    </Filter>
    <Filter Include="02. Obj\02. Evil">
      <UniqueIdentifier>{59a68ee5-2975-44e3-8ed7-3137b06f500e}</UniqueIdentifier>
    </Filter>
    <Filter Include="02. Obj\03. MapObj">
      <UniqueIdentifier>{7668d83b-884e-4227-9c3b-50114c45c152}</UniqueIdentifier>
    </Filter>
    <Filter Include="02. Obj\03. MapObj\00. Monster">
      <UniqueIdentifier>{d842c79a-5f7f-459e-ad05-0e6c9a49e578}</UniqueIdentifier>
    </Filter>
    <Filter Include="02. Obj\03. MapObj\01. Wall">
      <UniqueIdentifier>{5f5ffcf4-086b-4d7a-a92d-82e0c1f9f45d}</UniqueIdentifier>
    </Filter>
    <Filter Include="02. Obj\03. MapObj\02. Key &amp; Chest">
      <UniqueIdentifier>{4a09f49e-9693-478d-920c-ebb15a41f1a1}</UniqueIdentifier>
    </Filter>
    <Filter Include="02. Obj\03. MapObj\02. Key &amp; Chest\00. Key">
      <UniqueIdentifier>{974c0aeb-f4a2-479f-a779-cb46c498cfe6}</UniqueIdentifier>
    </Filter>
    <Filter Include="02. Obj\03. MapObj\02. Key &amp; Chest\01. Chest">
      <UniqueIdentifier>{8ca03c73-0232-493b-b963-a9572baa8a97}</UniqueIdentifier>
    </Filter>
    <Filter Include="02. Obj\03. MapObj\03. Trap">
      <UniqueIdentifier>{16c309a5-836f-4eba-9325-68dbf293f436}</UniqueIdentifier>
    </Filter>
    <Filter Include="02. Obj\02. Evil\08. Judgement">
      <UniqueIdentifier>{ee06b1c5-d0f3-4bb3-a032-7a066592bcfc}</UniqueIdentifier>
    </Filter>
    <Filter Include="02. Obj\00. BackGround">
      <UniqueIdentifier>{9e8c7570-ac94-49fe-bd0e-d2e01e25aed0}</UniqueIdentifier>
    </Filter>
    <Filter Include="02. Obj\02. Evil\00. Pandemonica">
      <UniqueIdentifier>{5e06fc7f-61a9-4f81-be87-e7b6b30e60e4}</UniqueIdentifier>
    </Filter>
    <Filter Include="02. Obj\02. Evil\01. Modeus">
      <UniqueIdentifier>{04268b3a-9c3b-4ccd-ae5c-16508d973f30}</UniqueIdentifier>
    </Filter>
    <Filter Include="02. Obj\02. Evil\02. Cerberus">
      <UniqueIdentifier>{4d06da9b-4c8e-4350-af02-6cb02bcb40f3}</UniqueIdentifier>
    </Filter>
    <Filter Include="02. Obj\02. Evil\03. Malina">
      <UniqueIdentifier>{6290e10c-f917-40a9-9fd1-d33811572bb8}</UniqueIdentifier>
    </Filter>
    <Filter Include="02. Obj\02. Evil\04. Zdrada">
      <UniqueIdentifier>{cb7f33dd-8954-4234-9103-3efb9acdb2b0}</UniqueIdentifier>
    </Filter>
    <Filter Include="02. Obj\02. Evil\05. Azazel">
      <UniqueIdentifier>{7230ac00-2877-44d2-9b5e-32164c98b953}</UniqueIdentifier>
    </Filter>
    <Filter Include="02. Obj\02. Evil\06. Justice">
      <UniqueIdentifier>{96b4f942-da58-4119-943b-5d45ec0235a7}</UniqueIdentifier>
    </Filter>
    <Filter Include="02. Obj\02. Evil\07. Lucifer">
      <UniqueIdentifier>{af89ae57-f559-4e06-93c4-c25cdc2ef3ed}</UniqueIdentifier>
    </Filter>
    <Filter Include="02. Obj\03. MapObj\04. FlameBase">
      <UniqueIdentifier>{539157a9-d911-4fee-86e8-bf1d1c5401bc}</UniqueIdentifier>
    </Filter>
    <Filter Include="02. Obj\03. MapObj\04. FlameBase\00. Fire">
      <UniqueIdentifier>{9becfe81-3180-4b99-bf7e-5851d7d00ae0}</UniqueIdentifier>
    </Filter>
    <Filter Include="02. Obj\00. BackGround\00. Grid">
      <UniqueIdentifier>{089f40ca-b19a-412d-ba92-acbf189a75b6}</UniqueIdentifier>
    </Filter>
    <Filter Include="02. Obj\04. Effect">
      <UniqueIdentifier>{0c42fa79-6c29-4a22-bbd3-d7d83eb2f2a9}</UniqueIdentifier>
    </Filter>
    <Filter Include="02. Obj\04. Effect\00. MoveEffect">
      <UniqueIdentifier>{c7d66b10-63dc-472e-b698-5e5346defc55}</UniqueIdentifier>
    </Filter>
    <Filter Include="02. Obj\04. Effect\01. HitEffect">
      <UniqueIdentifier>{1fd3a443-02ac-4c8e-84df-a20da5ed2af8}</UniqueIdentifier>
    </Filter>
    <Filter Include="02. Obj\04. Effect\02. LoveSign">
      <UniqueIdentifier>{8ed0085a-6dc4-4dbd-9a04-e5e099c6513a}</UniqueIdentifier>
    </Filter>
    <Filter Include="02. Obj\04. Effect\03. LoveBomb">
      <UniqueIdentifier>{22f8b904-3cd4-498a-973e-72449e65ce36}</UniqueIdentifier>
    </Filter>
    <Filter Include="02. Obj\04. Effect\04. Shine">
      <UniqueIdentifier>{46d146cc-3af6-4f65-ac9a-87236706539f}</UniqueIdentifier>
    </Filter>
    <Filter Include="02. Obj\04. Effect\05. Heart">
      <UniqueIdentifier>{8d31e602-f598-4679-9ac2-990bb1fa3a19}</UniqueIdentifier>
    </Filter>
    <Filter Include="02. Obj\04. Effect\06. Death">
      <UniqueIdentifier>{adcd2dee-09d9-4084-aeab-c06d67049539}</UniqueIdentifier>
    </Filter>
    <Filter Include="02. Obj\04. Effect\06. Death\00. DeathBackGround">
      <UniqueIdentifier>{d51faf2c-8e0f-4c1d-8763-b50f93eace92}</UniqueIdentifier>
    </Filter>
    <Filter Include="02. Obj\04. Effect\07. Bone">
      <UniqueIdentifier>{61f7721d-e816-4d0f-bd5a-6a7f73ecf7e8}</UniqueIdentifier>
    </Filter>
  </ItemGroup>
  <ItemGroup>
    <Text Include="ReadMe.txt" />
    <Text Include="..\Data\ImgPath.txt">
      <Filter>리소스 파일</Filter>
    </Text>
  </ItemGroup>
  <ItemGroup>
    <ClInclude Include="stdafx.h">
      <Filter>헤더 파일</Filter>
    </ClInclude>
    <ClInclude Include="targetver.h">
      <Filter>헤더 파일</Filter>
    </ClInclude>
    <ClInclude Include="Resource.h">
      <Filter>헤더 파일</Filter>
    </ClInclude>
    <ClInclude Include="Client.h">
      <Filter>헤더 파일</Filter>
    </ClInclude>
    <ClInclude Include="Device.h">
      <Filter>01. Manager\00. Device</Filter>
    </ClInclude>
    <ClInclude Include="Texture.h">
      <Filter>01. Manager\01. TextureMgr\Texture</Filter>
    </ClInclude>
    <ClInclude Include="MultiTexture.h">
      <Filter>01. Manager\01. TextureMgr\Texture\Multi</Filter>
    </ClInclude>
    <ClInclude Include="SingleTexture.h">
      <Filter>01. Manager\01. TextureMgr\Texture\Single</Filter>
    </ClInclude>
    <ClInclude Include="TextureMgr.h">
      <Filter>01. Manager\01. TextureMgr</Filter>
    </ClInclude>
    <ClInclude Include="MainGame.h">
      <Filter>00. MainGame</Filter>
    </ClInclude>
    <ClInclude Include="Obj.h">
      <Filter>02. Obj</Filter>
    </ClInclude>
    <ClInclude Include="Stage.h">
      <Filter>03. Scene\00. Stage</Filter>
    </ClInclude>
    <ClInclude Include="SceneMgr.h">
      <Filter>01. Manager\02. SceneMgr</Filter>
    </ClInclude>
    <ClInclude Include="ObjMgr.h">
      <Filter>01. Manager\03. ObjMgr</Filter>
    </ClInclude>
    <ClInclude Include="Scene.h">
      <Filter>03. Scene</Filter>
    </ClInclude>
    <ClInclude Include="TimeMgr.h">
      <Filter>01. Manager\04. TimeMgr</Filter>
    </ClInclude>
    <ClInclude Include="Player.h">
      <Filter>02. Obj\01. Player</Filter>
    </ClInclude>
    <ClInclude Include="KeyMgr.h">
      <Filter>01. Manager\05. KeyMgr</Filter>
    </ClInclude>
    <ClInclude Include="Azazel.h">
      <Filter>02. Obj\02. Evil\05. Azazel</Filter>
    </ClInclude>
    <ClInclude Include="Cerberus.h">
      <Filter>02. Obj\02. Evil\02. Cerberus</Filter>
    </ClInclude>
    <ClInclude Include="Justice.h">
      <Filter>02. Obj\02. Evil\06. Justice</Filter>
    </ClInclude>
    <ClInclude Include="Lucifer.h">
      <Filter>02. Obj\02. Evil\07. Lucifer</Filter>
    </ClInclude>
    <ClInclude Include="Malina.h">
      <Filter>02. Obj\02. Evil\03. Malina</Filter>
    </ClInclude>
    <ClInclude Include="Modeus.h">
      <Filter>02. Obj\02. Evil\01. Modeus</Filter>
    </ClInclude>
    <ClInclude Include="Pandemonica.h">
      <Filter>02. Obj\02. Evil\00. Pandemonica</Filter>
    </ClInclude>
    <ClInclude Include="Zdrada.h">
      <Filter>02. Obj\02. Evil\04. Zdrada</Filter>
    </ClInclude>
    <ClInclude Include="Monster.h">
      <Filter>02. Obj\03. MapObj\00. Monster</Filter>
    </ClInclude>
    <ClInclude Include="Wall.h">
      <Filter>02. Obj\03. MapObj\01. Wall</Filter>
    </ClInclude>
    <ClInclude Include="Key.h">
      <Filter>02. Obj\03. MapObj\02. Key &amp; Chest\00. Key</Filter>
    </ClInclude>
    <ClInclude Include="Chest.h">
      <Filter>02. Obj\03. MapObj\02. Key &amp; Chest\01. Chest</Filter>
    </ClInclude>
    <ClInclude Include="Trap.h">
      <Filter>02. Obj\03. MapObj\03. Trap</Filter>
    </ClInclude>
    <ClInclude Include="Judgement.h">
      <Filter>02. Obj\02. Evil\08. Judgement</Filter>
    </ClInclude>
    <ClInclude Include="BackGround.h">
      <Filter>02. Obj\00. BackGround</Filter>
    </ClInclude>
    <ClInclude Include="FlameBase.h">
      <Filter>02. Obj\03. MapObj\04. FlameBase</Filter>
    </ClInclude>
    <ClInclude Include="Fire.h">
      <Filter>02. Obj\03. MapObj\04. FlameBase\00. Fire</Filter>
    </ClInclude>
    <ClInclude Include="Grid.h">
      <Filter>02. Obj\00. BackGround\00. Grid</Filter>
    </ClInclude>
    <ClInclude Include="Effect.h">
      <Filter>02. Obj\04. Effect</Filter>
    </ClInclude>
    <ClInclude Include="MoveEffect.h">
      <Filter>02. Obj\04. Effect\00. MoveEffect</Filter>
    </ClInclude>
    <ClInclude Include="HitEffect.h">
      <Filter>02. Obj\04. Effect\01. HitEffect</Filter>
    </ClInclude>
    <ClInclude Include="LoveSign.h">
      <Filter>02. Obj\04. Effect\02. LoveSign</Filter>
    </ClInclude>
    <ClInclude Include="Evil.h">
      <Filter>02. Obj\02. Evil</Filter>
    </ClInclude>
    <ClInclude Include="LoveBomb.h">
      <Filter>02. Obj\04. Effect\03. LoveBomb</Filter>
    </ClInclude>
    <ClInclude Include="Heart.h">
      <Filter>02. Obj\04. Effect\05. Heart</Filter>
    </ClInclude>
    <ClInclude Include="Shine.h">
      <Filter>02. Obj\04. Effect\04. Shine</Filter>
    </ClInclude>
    <ClInclude Include="DeathEffect.h">
      <Filter>02. Obj\04. Effect\06. Death</Filter>
    </ClInclude>
    <ClInclude Include="DeathBackGround.h">
      <Filter>02. Obj\04. Effect\06. Death\00. DeathBackGround</Filter>
    </ClInclude>
    <ClInclude Include="Bone.h">
      <Filter>02. Obj\04. Effect\07. Bone</Filter>
    </ClInclude>
  </ItemGroup>
  <ItemGroup>
    <ClCompile Include="stdafx.cpp">
      <Filter>소스 파일</Filter>
    </ClCompile>
    <ClCompile Include="Client.cpp">
      <Filter>소스 파일</Filter>
    </ClCompile>
    <ClCompile Include="Device.cpp">
      <Filter>01. Manager\00. Device</Filter>
    </ClCompile>
    <ClCompile Include="Texture.cpp">
      <Filter>01. Manager\01. TextureMgr\Texture</Filter>
    </ClCompile>
    <ClCompile Include="MultiTexture.cpp">
      <Filter>01. Manager\01. TextureMgr\Texture\Multi</Filter>
    </ClCompile>
    <ClCompile Include="SingleTexture.cpp">
      <Filter>01. Manager\01. TextureMgr\Texture\Single</Filter>
    </ClCompile>
    <ClCompile Include="TextureMgr.cpp">
      <Filter>01. Manager\01. TextureMgr</Filter>
    </ClCompile>
    <ClCompile Include="MainGame.cpp">
      <Filter>00. MainGame</Filter>
    </ClCompile>
    <ClCompile Include="Obj.cpp">
      <Filter>02. Obj</Filter>
    </ClCompile>
    <ClCompile Include="Stage.cpp">
      <Filter>03. Scene\00. Stage</Filter>
    </ClCompile>
    <ClCompile Include="SceneMgr.cpp">
      <Filter>01. Manager\02. SceneMgr</Filter>
    </ClCompile>
    <ClCompile Include="ObjMgr.cpp">
      <Filter>01. Manager\03. ObjMgr</Filter>
    </ClCompile>
    <ClCompile Include="Scene.cpp">
      <Filter>03. Scene</Filter>
    </ClCompile>
    <ClCompile Include="TimeMgr.cpp">
      <Filter>01. Manager\04. TimeMgr</Filter>
    </ClCompile>
    <ClCompile Include="Player.cpp">
      <Filter>02. Obj\01. Player</Filter>
    </ClCompile>
    <ClCompile Include="KeyMgr.cpp">
      <Filter>01. Manager\05. KeyMgr</Filter>
    </ClCompile>
    <ClCompile Include="Azazel.cpp">
      <Filter>02. Obj\02. Evil\05. Azazel</Filter>
    </ClCompile>
    <ClCompile Include="Cerberus.cpp">
      <Filter>02. Obj\02. Evil\02. Cerberus</Filter>
    </ClCompile>
    <ClCompile Include="Justice.cpp">
      <Filter>02. Obj\02. Evil\06. Justice</Filter>
    </ClCompile>
    <ClCompile Include="Lucifer.cpp">
      <Filter>02. Obj\02. Evil\07. Lucifer</Filter>
    </ClCompile>
    <ClCompile Include="Malina.cpp">
      <Filter>02. Obj\02. Evil\03. Malina</Filter>
    </ClCompile>
    <ClCompile Include="Modeus.cpp">
      <Filter>02. Obj\02. Evil\01. Modeus</Filter>
    </ClCompile>
    <ClCompile Include="Pandemonica.cpp">
      <Filter>02. Obj\02. Evil\00. Pandemonica</Filter>
    </ClCompile>
    <ClCompile Include="Zdrada.cpp">
      <Filter>02. Obj\02. Evil\04. Zdrada</Filter>
    </ClCompile>
    <ClCompile Include="Monster.cpp">
      <Filter>02. Obj\03. MapObj\00. Monster</Filter>
    </ClCompile>
    <ClCompile Include="Wall.cpp">
      <Filter>02. Obj\03. MapObj\01. Wall</Filter>
    </ClCompile>
    <ClCompile Include="Key.cpp">
      <Filter>02. Obj\03. MapObj\02. Key &amp; Chest\00. Key</Filter>
    </ClCompile>
    <ClCompile Include="Chest.cpp">
      <Filter>02. Obj\03. MapObj\02. Key &amp; Chest\01. Chest</Filter>
    </ClCompile>
    <ClCompile Include="Trap.cpp">
      <Filter>02. Obj\03. MapObj\03. Trap</Filter>
    </ClCompile>
    <ClCompile Include="Judgement.cpp">
      <Filter>02. Obj\02. Evil\08. Judgement</Filter>
    </ClCompile>
    <ClCompile Include="BackGround.cpp">
      <Filter>02. Obj\00. BackGround</Filter>
    </ClCompile>
    <ClCompile Include="FlameBase.cpp">
      <Filter>02. Obj\03. MapObj\04. FlameBase</Filter>
    </ClCompile>
    <ClCompile Include="Fire.cpp">
      <Filter>02. Obj\03. MapObj\04. FlameBase\00. Fire</Filter>
    </ClCompile>
    <ClCompile Include="Grid.cpp">
      <Filter>02. Obj\00. BackGround\00. Grid</Filter>
    </ClCompile>
    <ClCompile Include="Effect.cpp">
      <Filter>02. Obj\04. Effect</Filter>
    </ClCompile>
    <ClCompile Include="MoveEffect.cpp">
      <Filter>02. Obj\04. Effect\00. MoveEffect</Filter>
    </ClCompile>
    <ClCompile Include="HitEffect.cpp">
      <Filter>02. Obj\04. Effect\01. HitEffect</Filter>
    </ClCompile>
    <ClCompile Include="LoveSign.cpp">
      <Filter>02. Obj\04. Effect\02. LoveSign</Filter>
    </ClCompile>
    <ClCompile Include="Evil.cpp">
      <Filter>02. Obj\02. Evil</Filter>
    </ClCompile>
    <ClCompile Include="LoveBomb.cpp">
      <Filter>02. Obj\04. Effect\03. LoveBomb</Filter>
    </ClCompile>
    <ClCompile Include="Heart.cpp">
      <Filter>02. Obj\04. Effect\05. Heart</Filter>
    </ClCompile>
    <ClCompile Include="Shine.cpp">
      <Filter>02. Obj\04. Effect\04. Shine</Filter>
    </ClCompile>
    <ClCompile Include="DeathEffect.cpp">
      <Filter>02. Obj\04. Effect\06. Death</Filter>
    </ClCompile>
    <ClCompile Include="DeathBackGround.cpp">
      <Filter>02. Obj\04. Effect\06. Death\00. DeathBackGround</Filter>
    </ClCompile>
    <ClCompile Include="Bone.cpp">
      <Filter>02. Obj\04. Effect\07. Bone</Filter>
    </ClCompile>
  </ItemGroup>
  <ItemGroup>
    <ResourceCompile Include="Client.rc">
      <Filter>리소스 파일</Filter>
    </ResourceCompile>
  </ItemGroup>
  <ItemGroup>
    <Image Include="small.ico">
      <Filter>리소스 파일</Filter>
    </Image>
    <Image Include="Client.ico">
      <Filter>리소스 파일</Filter>
    </Image>
  </ItemGroup>
</Project>